
Microsoft Visual Studio Solution File, Format Version 12.00
# Visual Studio Version 16
VisualStudioVersion = 16.0.30225.117
MinimumVisualStudioVersion = 10.0.40219.1
Project("{FAE04EC0-301F-11D3-BF4B-00C04F79EFBC}") = "OkulOtomasyonu", "OkulOtomasyonu\OkulOtomasyonu.csproj", "{F8B156F2-EB41-470D-97B7-C7A3971BA399}"
EndProject
Global
	GlobalSection(SolutionConfigurationPlatforms) = preSolution
		Debug|Any CPU = Debug|Any CPU
		Release|Any CPU = Release|Any CPU
	EndGlobalSection
	GlobalSection(ProjectConfigurationPlatforms) = postSolution
		{F8B156F2-EB41-470D-97B7-C7A3971BA399}.Debug|Any CPU.ActiveCfg = Debug|Any CPU
		{F8B156F2-EB41-470D-97B7-C7A3971BA399}.Debug|Any CPU.Build.0 = Debug|Any CPU
		{F8B156F2-EB41-470D-97B7-C7A3971BA399}.Release|Any CPU.ActiveCfg = Release|Any CPU
		{F8B156F2-EB41-470D-97B7-C7A3971BA399}.Release|Any CPU.Build.0 = Release|Any CPU
	EndGlobalSection
	GlobalSection(SolutionProperties) = preSolution
		HideSolutionNode = FALSE
	EndGlobalSection
	GlobalSection(ExtensibilityGlobals) = postSolution
		SolutionGuid = {620EBDEB-DA1E-49A9-B901-41888C74EB02}
	EndGlobalSection
EndGlobal
